
Microsoft Visual Studio Solution File, Format Version 12.00
# Visual Studio Version 17
VisualStudioVersion = 17.8.34322.80
MinimumVisualStudioVersion = 10.0.40219.1
Project("{FAE04EC0-301F-11D3-BF4B-00C04F79EFBC}") = "WebStoreApi", "WebStoreApi\WebStoreApi.csproj", "{09387234-6BE6-4D22-8BE4-16C41E881A32}"
EndProject
Global
	GlobalSection(SolutionConfigurationPlatforms) = preSolution
		Debug|Any CPU = Debug|Any CPU
		Release|Any CPU = Release|Any CPU
	EndGlobalSection
	GlobalSection(ProjectConfigurationPlatforms) = postSolution
		{09387234-6BE6-4D22-8BE4-16C41E881A32}.Debug|Any CPU.ActiveCfg = Debug|Any CPU
		{09387234-6BE6-4D22-8BE4-16C41E881A32}.Debug|Any CPU.Build.0 = Debug|Any CPU
		{09387234-6BE6-4D22-8BE4-16C41E881A32}.Release|Any CPU.ActiveCfg = Release|Any CPU
		{09387234-6BE6-4D22-8BE4-16C41E881A32}.Release|Any CPU.Build.0 = Release|Any CPU
	EndGlobalSection
	GlobalSection(SolutionProperties) = preSolution
		HideSolutionNode = FALSE
	EndGlobalSection
	GlobalSection(ExtensibilityGlobals) = postSolution
		SolutionGuid = {794F6C16-3170-48DD-93F0-C554B56D0F0E}
	EndGlobalSection
EndGlobal
